
Microsoft Visual Studio Solution File, Format Version 12.00
# Visual Studio 15
VisualStudioVersion = 15.0.28307.421
MinimumVisualStudioVersion = 10.0.40219.1
Project("{FAE04EC0-301F-11D3-BF4B-00C04F79EFBC}") = "Go Fetch", "Go Fetch\Go Fetch.csproj", "{3E8B9DD8-FB5F-45E2-BDE3-A06406FC1278}"
EndProject
Global
	GlobalSection(SolutionConfigurationPlatforms) = preSolution
		Debug|Any CPU = Debug|Any CPU
		Release|Any CPU = Release|Any CPU
	EndGlobalSection
	GlobalSection(ProjectConfigurationPlatforms) = postSolution
		{3E8B9DD8-FB5F-45E2-BDE3-A06406FC1278}.Debug|Any CPU.ActiveCfg = Debug|Any CPU
		{3E8B9DD8-FB5F-45E2-BDE3-A06406FC1278}.Debug|Any CPU.Build.0 = Debug|Any CPU
		{3E8B9DD8-FB5F-45E2-BDE3-A06406FC1278}.Release|Any CPU.ActiveCfg = Release|Any CPU
		{3E8B9DD8-FB5F-45E2-BDE3-A06406FC1278}.Release|Any CPU.Build.0 = Release|Any CPU
	EndGlobalSection
	GlobalSection(SolutionProperties) = preSolution
		HideSolutionNode = FALSE
	EndGlobalSection
	GlobalSection(ExtensibilityGlobals) = postSolution
		SolutionGuid = {9F2AAA0B-518E-484E-AF13-9AAAAAE6E626}
	EndGlobalSection
EndGlobal
